
Microsoft Visual Studio Solution File, Format Version 12.00
# Visual Studio Version 17
VisualStudioVersion = 17.2.32526.322
MinimumVisualStudioVersion = 10.0.40219.1
Project("{FAE04EC0-301F-11D3-BF4B-00C04F79EFBC}") = "AirlineApplication", "AirlineApplication.csproj", "{A08EAB6C-9390-4D4D-A8B3-6018B4035060}"
EndProject
Global
	GlobalSection(SolutionConfigurationPlatforms) = preSolution
		Debug|Any CPU = Debug|Any CPU
		Release|Any CPU = Release|Any CPU
	EndGlobalSection
	GlobalSection(ProjectConfigurationPlatforms) = postSolution
		{A08EAB6C-9390-4D4D-A8B3-6018B4035060}.Debug|Any CPU.ActiveCfg = Debug|Any CPU
		{A08EAB6C-9390-4D4D-A8B3-6018B4035060}.Debug|Any CPU.Build.0 = Debug|Any CPU
		{A08EAB6C-9390-4D4D-A8B3-6018B4035060}.Release|Any CPU.ActiveCfg = Release|Any CPU
		{A08EAB6C-9390-4D4D-A8B3-6018B4035060}.Release|Any CPU.Build.0 = Release|Any CPU
	EndGlobalSection
	GlobalSection(SolutionProperties) = preSolution
		HideSolutionNode = FALSE
	EndGlobalSection
	GlobalSection(ExtensibilityGlobals) = postSolution
		SolutionGuid = {DEEE6EEA-4DA0-4A19-B968-F58E04395ADE}
	EndGlobalSection
EndGlobal
